
Microsoft Visual Studio Solution File, Format Version 12.00
# Visual Studio Version 17
VisualStudioVersion = 17.14.36109.1 d17.14
MinimumVisualStudioVersion = 10.0.40219.1
Project("{FAE04EC0-301F-11D3-BF4B-00C04F79EFBC}") = "AntiCafe.PL", "AntiCafe.PL\AntiCafe.PL.csproj", "{D47E3795-AB34-4347-92F8-C4BD51F4C83D}"
EndProject
Global
	GlobalSection(SolutionConfigurationPlatforms) = preSolution
		Debug|Any CPU = Debug|Any CPU
		Release|Any CPU = Release|Any CPU
	EndGlobalSection
	GlobalSection(ProjectConfigurationPlatforms) = postSolution
		{D47E3795-AB34-4347-92F8-C4BD51F4C83D}.Debug|Any CPU.ActiveCfg = Debug|Any CPU
		{D47E3795-AB34-4347-92F8-C4BD51F4C83D}.Debug|Any CPU.Build.0 = Debug|Any CPU
		{D47E3795-AB34-4347-92F8-C4BD51F4C83D}.Release|Any CPU.ActiveCfg = Release|Any CPU
		{D47E3795-AB34-4347-92F8-C4BD51F4C83D}.Release|Any CPU.Build.0 = Release|Any CPU
	EndGlobalSection
	GlobalSection(SolutionProperties) = preSolution
		HideSolutionNode = FALSE
	EndGlobalSection
	GlobalSection(ExtensibilityGlobals) = postSolution
		SolutionGuid = {74F3D3E1-59E4-45E5-B6FB-CC9FD40D7267}
	EndGlobalSection
EndGlobal
